
Microsoft Visual Studio Solution File, Format Version 12.00
# Visual Studio Version 16
VisualStudioVersion = 16.0.31129.286
MinimumVisualStudioVersion = 10.0.40219.1
Project("{FAE04EC0-301F-11D3-BF4B-00C04F79EFBC}") = "UpbitDealer", "UpbitDealer\UpbitDealer.csproj", "{C6EAC5B9-4F7E-4E85-9348-149B7A8D2084}"
EndProject
Project("{2150E333-8FDC-42A3-9474-1A3956D46DE8}") = "Solution Items", "Solution Items", "{7CC8A6FF-E089-4038-89AE-E79F00D6EBFF}"
	ProjectSection(SolutionItems) = preProject
		.gitignore = .gitignore
		LICENSE = LICENSE
		README.md = README.md
	EndProjectSection
EndProject
Project("{54435603-DBB4-11D2-8724-00A0C9A8B90C}") = "UpbitDealer_setup", "UpbitDealer_setup\UpbitDealer_setup.vdproj", "{4293BF91-DC98-437E-A733-85F79C1C9E04}"
EndProject
Global
	GlobalSection(SolutionConfigurationPlatforms) = preSolution
		Debug|Any CPU = Debug|Any CPU
		Release|Any CPU = Release|Any CPU
	EndGlobalSection
	GlobalSection(ProjectConfigurationPlatforms) = postSolution
		{C6EAC5B9-4F7E-4E85-9348-149B7A8D2084}.Debug|Any CPU.ActiveCfg = Debug|Any CPU
		{C6EAC5B9-4F7E-4E85-9348-149B7A8D2084}.Debug|Any CPU.Build.0 = Debug|Any CPU
		{C6EAC5B9-4F7E-4E85-9348-149B7A8D2084}.Release|Any CPU.ActiveCfg = Release|Any CPU
		{C6EAC5B9-4F7E-4E85-9348-149B7A8D2084}.Release|Any CPU.Build.0 = Release|Any CPU
		{4293BF91-DC98-437E-A733-85F79C1C9E04}.Debug|Any CPU.ActiveCfg = Debug
		{4293BF91-DC98-437E-A733-85F79C1C9E04}.Release|Any CPU.ActiveCfg = Release
		{4293BF91-DC98-437E-A733-85F79C1C9E04}.Release|Any CPU.Build.0 = Release
	EndGlobalSection
	GlobalSection(SolutionProperties) = preSolution
		HideSolutionNode = FALSE
	EndGlobalSection
	GlobalSection(ExtensibilityGlobals) = postSolution
		SolutionGuid = {4103F6CE-E0A2-4F74-B9BE-631B63FD3CCC}
	EndGlobalSection
EndGlobal
